
Microsoft Visual Studio Solution File, Format Version 12.00
# Visual Studio 15
VisualStudioVersion = 15.0.27130.2010
MinimumVisualStudioVersion = 10.0.40219.1
Project("{FAE04EC0-301F-11D3-BF4B-00C04F79EFBC}") = "customConfigSection", "customConfigSection\customConfigSection.csproj", "{325BDFA7-F41F-41ED-AF41-8D95F1186335}"
EndProject
Project("{FAE04EC0-301F-11D3-BF4B-00C04F79EFBC}") = "RabbitConfiguration", "RabbitConfiguration\RabbitConfiguration.csproj", "{6FE25F52-C70E-4355-BBDB-53984E2686A2}"
EndProject
Global
	GlobalSection(SolutionConfigurationPlatforms) = preSolution
		Debug|Any CPU = Debug|Any CPU
		Release|Any CPU = Release|Any CPU
	EndGlobalSection
	GlobalSection(ProjectConfigurationPlatforms) = postSolution
		{325BDFA7-F41F-41ED-AF41-8D95F1186335}.Debug|Any CPU.ActiveCfg = Debug|Any CPU
		{325BDFA7-F41F-41ED-AF41-8D95F1186335}.Debug|Any CPU.Build.0 = Debug|Any CPU
		{325BDFA7-F41F-41ED-AF41-8D95F1186335}.Release|Any CPU.ActiveCfg = Release|Any CPU
		{325BDFA7-F41F-41ED-AF41-8D95F1186335}.Release|Any CPU.Build.0 = Release|Any CPU
		{6FE25F52-C70E-4355-BBDB-53984E2686A2}.Debug|Any CPU.ActiveCfg = Debug|Any CPU
		{6FE25F52-C70E-4355-BBDB-53984E2686A2}.Debug|Any CPU.Build.0 = Debug|Any CPU
		{6FE25F52-C70E-4355-BBDB-53984E2686A2}.Release|Any CPU.ActiveCfg = Release|Any CPU
		{6FE25F52-C70E-4355-BBDB-53984E2686A2}.Release|Any CPU.Build.0 = Release|Any CPU
	EndGlobalSection
	GlobalSection(SolutionProperties) = preSolution
		HideSolutionNode = FALSE
	EndGlobalSection
	GlobalSection(ExtensibilityGlobals) = postSolution
		SolutionGuid = {BDCD32C2-05CF-48D3-A1DD-1C7A79F35239}
	EndGlobalSection
EndGlobal
